{
  "name": "api-2-image",
  "version": "1.0.0",
  "lockfileVersion": 3,
  "requires": true,
  "packages": {
    "": {
      "name": "api-2-image",
      "version": "1.0.0",
      "dependencies": {
        "@edgeone/pages-blob": "0.0.7"
      }
    },
    "node_modules/@edgeone/pages-blob": {
      "version": "0.0.7",
      "resolved": "https://registry.npmjs.org/@edgeone/pages-blob/-/pages-blob-0.0.7.tgz",
      "integrity": "sha512-iS0VL/nPiLDn4iBG3KNlC4fEJS7BpXTN+JxzYRzP9dE3UEnPe2IMPWf5aWrXiTUz3GvOC8lBRwKraC5Heniq1w==",
      "license": "MIT",
      "engines": {
        "node": ">=18.0.0"
      }
    }
  }
}
